
Microsoft Visual Studio Solution File, Format Version 12.00
# Visual Studio Version 17
VisualStudioVersion = 17.5.33516.290
MinimumVisualStudioVersion = 10.0.40219.1
Project("{FAE04EC0-301F-11D3-BF4B-00C04F79EFBC}") = "HdHelper", "hdhelper\HdHelper.csproj", "{7F0D38B1-8609-41FC-A74A-16D9A9DDCC44}"
EndProject
Global
	GlobalSection(SolutionConfigurationPlatforms) = preSolution
		Debug|Any CPU = Debug|Any CPU
		Release|Any CPU = Release|Any CPU
	EndGlobalSection
	GlobalSection(ProjectConfigurationPlatforms) = postSolution
		{7F0D38B1-8609-41FC-A74A-16D9A9DDCC44}.Debug|Any CPU.ActiveCfg = Debug|Any CPU
		{7F0D38B1-8609-41FC-A74A-16D9A9DDCC44}.Debug|Any CPU.Build.0 = Debug|Any CPU
		{7F0D38B1-8609-41FC-A74A-16D9A9DDCC44}.Release|Any CPU.ActiveCfg = Release|Any CPU
		{7F0D38B1-8609-41FC-A74A-16D9A9DDCC44}.Release|Any CPU.Build.0 = Release|Any CPU
	EndGlobalSection
	GlobalSection(SolutionProperties) = preSolution
		HideSolutionNode = FALSE
	EndGlobalSection
	GlobalSection(ExtensibilityGlobals) = postSolution
		SolutionGuid = {7AAA6B35-1A53-4CC7-8100-50521BA07058}
	EndGlobalSection
EndGlobal
